// !$*UTF8*$!
{
	archiveVersion = 1;
	classes = {
	};
	objectVersion = 50;
	objects = {

/* Begin PBXBuildFile section */
		A468CF4320BC11200056F9BB /* AppDelegate.swift in Sources */ = {isa = PBXBuildFile; fileRef = A468CF4220BC11200056F9BB /* AppDelegate.swift */; };
		A468CF4520BC11200056F9BB /* ViewController.swift in Sources */ = {isa = PBXBuildFile; fileRef = A468CF4420BC11200056F9BB /* ViewController.swift */; };
		A468CF4820BC11200056F9BB /* Main.storyboard in Resources */ = {isa = PBXBuildFile; fileRef = A468CF4620BC11200056F9BB /* Main.storyboard */; };
		A468CF4A20BC11220056F9BB /* Assets.xcassets in Resources */ = {isa = PBXBuildFile; fileRef = A468CF4920BC11220056F9BB /* Assets.xcassets */; };
		A468CF4D20BC11220056F9BB /* LaunchScreen.storyboard in Resources */ = {isa = PBXBuildFile; fileRef = A468CF4B20BC11220056F9BB /* LaunchScreen.storyboard */; };
		A4E20AC020C199DF00980B68 /* Utility.swift in Sources */ = {isa = PBXBuildFile; fileRef = A4E20ABF20C199DF00980B68 /* Utility.swift */; };
		A4E20AC220C19AC100980B68 /* CollectDetailsViewController.swift in Sources */ = {isa = PBXBuildFile; fileRef = A4E20AC120C19AC100980B68 /* CollectDetailsViewController.swift */; };
/* End PBXBuildFile section */

/* Begin PBXFileReference section */
		A468CF3F20BC11200056F9BB /* ActivityLog.app */ = {isa = PBXFileReference; explicitFileType = wrapper.application; includeInIndex = 0; path = ActivityLog.app; sourceTree = BUILT_PRODUCTS_DIR; };
		A468CF4220BC11200056F9BB /* AppDelegate.swift */ = {isa = PBXFileReference; lastKnownFileType = sourcecode.swift; path = AppDelegate.swift; sourceTree = "<group>"; };
		A468CF4420BC11200056F9BB /* ViewController.swift */ = {isa = PBXFileReference; lastKnownFileType = sourcecode.swift; path = ViewController.swift; sourceTree = "<group>"; };
		A468CF4720BC11200056F9BB /* Base */ = {isa = PBXFileReference; lastKnownFileType = file.storyboard; name = Base; path = Base.lproj/Main.storyboard; sourceTree = "<group>"; };
		A468CF4920BC11220056F9BB /* Assets.xcassets */ = {isa = PBXFileReference; lastKnownFileType = folder.assetcatalog; path = Assets.xcassets; sourceTree = "<group>"; };
		A468CF4C20BC11220056F9BB /* Base */ = {isa = PBXFileReference; lastKnownFileType = file.storyboard; name = Base; path = Base.lproj/LaunchScreen.storyboard; sourceTree = "<group>"; };
		A468CF4E20BC11220056F9BB /* Info.plist */ = {isa = PBXFileReference; lastKnownFileType = text.plist.xml; path = Info.plist; sourceTree = "<group>"; };
		A4E20ABF20C199DF00980B68 /* Utility.swift */ = {isa = PBXFileReference; lastKnownFileType = sourcecode.swift; path = Utility.swift; sourceTree = "<group>"; };
		A4E20AC120C19AC100980B68 /* CollectDetailsViewController.swift */ = {isa = PBXFileReference; lastKnownFileType = sourcecode.swift; path = CollectDetailsViewController.swift; sourceTree = "<group>"; };
/* End PBXFileReference section */

/* Begin PBXFrameworksBuildPhase section */
		A468CF3C20BC11200056F9BB /* Frameworks */ = {
			isa = PBXFrameworksBuildPhase;
			buildActionMask = 2147483647;
			files = (
			);
			runOnlyForDeploymentPostprocessing = 0;
		};
/* End PBXFrameworksBuildPhase section */

/* Begin PBXGroup section */
		A468CF3620BC11200056F9BB = {
			isa = PBXGroup;
			children = (
				A468CF4120BC11200056F9BB /* ActivityLog */,
				A468CF4020BC11200056F9BB /* Products */,
			);
			sourceTree = "<group>";
		};
		A468CF4020BC11200056F9BB /* Products */ = {
			isa = PBXGroup;
			children = (
				A468CF3F20BC11200056F9BB /* ActivityLog.app */,
			);
			name = Products;
			sourceTree = "<group>";
		};
		A468CF4120BC11200056F9BB /* ActivityLog */ = {
			isa = PBXGroup;
			children = (
				A468CF4220BC11200056F9BB /* AppDelegate.swift */,
				A468CF4420BC11200056F9BB /* ViewController.swift */,
				A4E20AC120C19AC100980B68 /* CollectDetailsViewController.swift */,
				A4E20ABF20C199DF00980B68 /* Utility.swift */,
				A468CF4620BC11200056F9BB /* Main.storyboard */,
				A468CF4920BC11220056F9BB /* Assets.xcassets */,
				A468CF4B20BC11220056F9BB /* LaunchScreen.storyboard */,
				A468CF4E20BC11220056F9BB /* Info.plist */,
			);
			path = ActivityLog;
			sourceTree = "<group>";
		};
/* End PBXGroup section */

/* Begin PBXNativeTarget section */
		A468CF3E20BC11200056F9BB /* ActivityLog */ = {
			isa = PBXNativeTarget;
			buildConfigurationList = A468CF5120BC11220056F9BB /* Build configuration list for PBXNativeTarget "ActivityLog" */;
			buildPhases = (
				A468CF3B20BC11200056F9BB /* Sources */,
				A468CF3C20BC11200056F9BB /* Frameworks */,
				A468CF3D20BC11200056F9BB /* Resources */,
			);
			buildRules = (
			);
			dependencies = (
			);
			name = ActivityLog;
			productName = ActivityLog;
			productReference = A468CF3F20BC11200056F9BB /* ActivityLog.app */;
			productType = "com.apple.product-type.application";
		};
/* End PBXNativeTarget section */

/* Begin PBXProject section */
		A468CF3720BC11200056F9BB /* Project object */ = {
			isa = PBXProject;
			attributes = {
				LastSwiftUpdateCheck = 0930;
				LastUpgradeCheck = 0930;
				ORGANIZATIONNAME = shravan;
				TargetAttributes = {
					A468CF3E20BC11200056F9BB = {
						CreatedOnToolsVersion = 9.3;
					};
				};
			};
			buildConfigurationList = A468CF3A20BC11200056F9BB /* Build configuration list for PBXProject "ActivityLog" */;
			compatibilityVersion = "Xcode 9.3";
			developmentRegion = en;
			hasScannedForEncodings = 0;
			knownRegions = (
				en,
				Base,
			);
			mainGroup = A468CF3620BC11200056F9BB;
			productRefGroup = A468CF4020BC11200056F9BB /* Products */;
			projectDirPath = "";
			projectRoot = "";
			targets = (
				A468CF3E20BC11200056F9BB /* ActivityLog */,
			);
		};
/* End PBXProject section */

/* Begin PBXResourcesBuildPhase section */
		A468CF3D20BC11200056F9BB /* Resources */ = {
			isa = PBXResourcesBuildPhase;
			buildActionMask = 2147483647;
			files = (
				A468CF4D20BC11220056F9BB /* LaunchScreen.storyboard in Resources */,
				A468CF4A20BC11220056F9BB /* Assets.xcassets in Resources */,
				A468CF4820BC11200056F9BB /* Main.storyboard in Resources */,
			);
			runOnlyForDeploymentPostprocessing = 0;
		};
/* End PBXResourcesBuildPhase section */

/* Begin PBXSourcesBuildPhase section */
		A468CF3B20BC11200056F9BB /* Sources */ = {
			isa = PBXSourcesBuildPhase;
			buildActionMask = 2147483647;
			files = (
				A4E20AC220C19AC100980B68 /* CollectDetailsViewController.swift in Sources */,
				A468CF4520BC11200056F9BB /* ViewController.swift in Sources */,
				A468CF4320BC11200056F9BB /* AppDelegate.swift in Sources */,
				A4E20AC020C199DF00980B68 /* Utility.swift in Sources */,
			);
			runOnlyForDeploymentPostprocessing = 0;
		};
/* End PBXSourcesBuildPhase section */

/* Begin PBXVariantGroup section */
		A468CF4620BC11200056F9BB /* Main.storyboard */ = {
			isa = PBXVariantGroup;
			children = (
				A468CF4720BC11200056F9BB /* Base */,
			);
			name = Main.storyboard;
			sourceTree = "<group>";
		};
		A468CF4B20BC11220056F9BB /* LaunchScreen.storyboard */ = {
			isa = PBXVariantGroup;
			children = (
				A468CF4C20BC11220056F9BB /* Base */,
			);
			name = LaunchScreen.storyboard;
			sourceTree = "<group>";
		};
/* End PBXVariantGroup section */

/* Begin XCBuildConfiguration section */
		A468CF4F20BC11220056F9BB /* Debug */ = {
			isa = XCBuildConfiguration;
			buildSettings = {
				ALWAYS_SEARCH_USER_PATHS = NO;
				CLANG_ANALYZER_NONNULL = YES;
				CLANG_ANALYZER_NUMBER_OBJECT_CONVERSION = YES_AGGRESSIVE;
				CLANG_CXX_LANGUAGE_STANDARD = "gnu++14";
				CLANG_CXX_LIBRARY = "libc++";
				CLANG_ENABLE_MODULES = YES;
				CLANG_ENABLE_OBJC_ARC = YES;
				CLANG_ENABLE_OBJC_WEAK = YES;
				CLANG_WARN_BLOCK_CAPTURE_AUTORELEASING = YES;
				CLANG_WARN_BOOL_CONVERSION = YES;
				CLANG_WARN_COMMA = YES;
				CLANG_WARN_CONSTANT_CONVERSION = YES;
				CLANG_WARN_DEPRECATED_OBJC_IMPLEMENTATIONS = YES;
				CLANG_WARN_DIRECT_OBJC_ISA_USAGE = YES_ERROR;
				CLANG_WARN_DOCUMENTATION_COMMENTS = YES;
				CLANG_WARN_EMPTY_BODY = YES;
				CLANG_WARN_ENUM_CONVERSION = YES;
				CLANG_WARN_INFINITE_RECURSION = YES;
				CLANG_WARN_INT_CONVERSION = YES;
				CLANG_WARN_NON_LITERAL_NULL_CONVERSION = YES;
				CLANG_WARN_OBJC_IMPLICIT_RETAIN_SELF = YES;
				CLANG_WARN_OBJC_LITERAL_CONVERSION = YES;
				CLANG_WARN_OBJC_ROOT_CLASS = YES_ERROR;
				CLANG_WARN_RANGE_LOOP_ANALYSIS = YES;
				CLANG_WARN_STRICT_PROTOTYPES = YES;
				CLANG_WARN_SUSPICIOUS_MOVE = YES;
				CLANG_WARN_UNGUARDED_AVAILABILITY = YES_AGGRESSIVE;
				CLANG_WARN_UNREACHABLE_CODE = YES;
				CLANG_WARN__DUPLICATE_METHOD_MATCH = YES;
				CODE_SIGN_IDENTITY = "iPhone Developer";
				COPY_PHASE_STRIP = NO;
				DEBUG_INFORMATION_FORMAT = dwarf;
				ENABLE_STRICT_OBJC_MSGSEND = YES;
				ENABLE_TESTABILITY = YES;
				GCC_C_LANGUAGE_STANDARD = gnu11;
				GCC_DYNAMIC_NO_PIC = NO;
				GCC_NO_COMMON_BLOCKS = YES;
				GCC_OPTIMIZATION_LEVEL = 0;
				GCC_PREPROCESSOR_DEFINITIONS = (
					"DEBUG=1",
					"$(inherited)",
				);
				GCC_WARN_64_TO_32_BIT_CONVERSION = YES;
				GCC_WARN_ABOUT_RETURN_TYPE = YES_ERROR;
				GCC_WARN_UNDECLARED_SELECTOR = YES;
				GCC_WARN_UNINITIALIZED_AUTOS = YES_AGGRESSIVE;
				GCC_WARN_UNUSED_FUNCTION = YES;
				GCC_WARN_UNUSED_VARIABLE = YES;
				IPHONEOS_DEPLOYMENT_TARGET = 11.3;
				MTL_ENABLE_DEBUG_INFO = YES;
				ONLY_ACTIVE_ARCH = YES;
				SDKROOT = iphoneos;
				SWIFT_ACTIVE_COMPILATION_CONDITIONS = DEBUG;
				SWIFT_OPTIMIZATION_LEVEL = "-Onone";
			};
			name = Debug;
		};
		A468CF5020BC11220056F9BB /* Release */ = {
			isa = XCBuildConfiguration;
			buildSettings = {
				ALWAYS_SEARCH_USER_PATHS = NO;
				CLANG_ANALYZER_NONNULL = YES;
				CLANG_ANALYZER_NUMBER_OBJECT_CONVERSION = YES_AGGRESSIVE;
				CLANG_CXX_LANGUAGE_STANDARD = "gnu++14";
				CLANG_CXX_LIBRARY = "libc++";
				CLANG_ENABLE_MODULES = YES;
				CLANG_ENABLE_OBJC_ARC = YES;
				CLANG_ENABLE_OBJC_WEAK = YES;
				CLANG_WARN_BLOCK_CAPTURE_AUTORELEASING = YES;
				CLANG_WARN_BOOL_CONVERSION = YES;
				CLANG_WARN_COMMA = YES;
				CLANG_WARN_CONSTANT_CONVERSION = YES;
				CLANG_WARN_DEPRECATED_OBJC_IMPLEMENTATIONS = YES;
				CLANG_WARN_DIRECT_OBJC_ISA_USAGE = YES_ERROR;
				CLANG_WARN_DOCUMENTATION_COMMENTS = YES;
				CLANG_WARN_EMPTY_BODY = YES;
				CLANG_WARN_ENUM_CONVERSION = YES;
				CLANG_WARN_INFINITE_RECURSION = YES;
				CLANG_WARN_INT_CONVERSION = YES;
				CLANG_WARN_NON_LITERAL_NULL_CONVERSION = YES;
				CLANG_WARN_OBJC_IMPLICIT_RETAIN_SELF = YES;
				CLANG_WARN_OBJC_LITERAL_CONVERSION = YES;
				CLANG_WARN_OBJC_ROOT_CLASS = YES_ERROR;
				CLANG_WARN_RANGE_LOOP_ANALYSIS = YES;
				CLANG_WARN_STRICT_PROTOTYPES = YES;
				CLANG_WARN_SUSPICIOUS_MOVE = YES;
				CLANG_WARN_UNGUARDED_AVAILABILITY = YES_AGGRESSIVE;
				CLANG_WARN_UNREACHABLE_CODE = YES;
				CLANG_WARN__DUPLICATE_METHOD_MATCH = YES;
				CODE_SIGN_IDENTITY = "iPhone Developer";
				COPY_PHASE_STRIP = NO;
				DEBUG_INFORMATION_FORMAT = "dwarf-with-dsym";
				ENABLE_NS_ASSERTIONS = NO;
				ENABLE_STRICT_OBJC_MSGSEND = YES;
				GCC_C_LANGUAGE_STANDARD = gnu11;
				GCC_NO_COMMON_BLOCKS = YES;
				GCC_WARN_64_TO_32_BIT_CONVERSION = YES;
				GCC_WARN_ABOUT_RETURN_TYPE = YES_ERROR;
				GCC_WARN_UNDECLARED_SELECTOR = YES;
				GCC_WARN_UNINITIALIZED_AUTOS = YES_AGGRESSIVE;
				GCC_WARN_UNUSED_FUNCTION = YES;
				GCC_WARN_UNUSED_VARIABLE = YES;
				IPHONEOS_DEPLOYMENT_TARGET = 11.3;
				MTL_ENABLE_DEBUG_INFO = NO;
				SDKROOT = iphoneos;
				SWIFT_COMPILATION_MODE = wholemodule;
				SWIFT_OPTIMIZATION_LEVEL = "-O";
				VALIDATE_PRODUCT = YES;
			};
			name = Release;
		};
		A468CF5220BC11220056F9BB /* Debug */ = {
			isa = XCBuildConfiguration;
			buildSettings = {
				ASSETCATALOG_COMPILER_APPICON_NAME = AppIcon;
				CODE_SIGN_STYLE = Automatic;
				DEVELOPMENT_TEAM = 48UFH6Q9SV;
				INFOPLIST_FILE = ActivityLog/Info.plist;
				LD_RUNPATH_SEARCH_PATHS = (
					"$(inherited)",
					"@executable_path/Frameworks",
				);
				PRODUCT_BUNDLE_IDENTIFIER = shravan.ActivityLog;
				PRODUCT_NAME = "$(TARGET_NAME)";
				SWIFT_VERSION = 4.0;
				TARGETED_DEVICE_FAMILY = "1,2";
			};
			name = Debug;
		};
		A468CF5320BC11220056F9BB /* Release */ = {
			isa = XCBuildConfiguration;
			buildSettings = {
				ASSETCATALOG_COMPILER_APPICON_NAME = AppIcon;
				CODE_SIGN_STYLE = Automatic;
				DEVELOPMENT_TEAM = 48UFH6Q9SV;
				INFOPLIST_FILE = ActivityLog/Info.plist;
				LD_RUNPATH_SEARCH_PATHS = (
					"$(inherited)",
					"@executable_path/Frameworks",
				);
				PRODUCT_BUNDLE_IDENTIFIER = shravan.ActivityLog;
				PRODUCT_NAME = "$(TARGET_NAME)";
				SWIFT_VERSION = 4.0;
				TARGETED_DEVICE_FAMILY = "1,2";
			};
			name = Release;
		};
/* End XCBuildConfiguration section */

/* Begin XCConfigurationList section */
		A468CF3A20BC11200056F9BB /* Build configuration list for PBXProject "ActivityLog" */ = {
			isa = XCConfigurationList;
			buildConfigurations = (
				A468CF4F20BC11220056F9BB /* Debug */,
				A468CF5020BC11220056F9BB /* Release */,
			);
			defaultConfigurationIsVisible = 0;
			defaultConfigurationName = Release;
		};
		A468CF5120BC11220056F9BB /* Build configuration list for PBXNativeTarget "ActivityLog" */ = {
			isa = XCConfigurationList;
			buildConfigurations = (
				A468CF5220BC11220056F9BB /* Debug */,
				A468CF5320BC11220056F9BB /* Release */,
			);
			defaultConfigurationIsVisible = 0;
			defaultConfigurationName = Release;
		};
/* End XCConfigurationList section */
	};
	rootObject = A468CF3720BC11200056F9BB /* Project object */;
}
